
Microsoft Visual Studio Solution File, Format Version 12.00
Project("{FAE04EC0-301F-11D3-BF4B-00C04F79EFBC}") = "PetIdServer.RestApi", "PetIdServer.RestApi\PetIdServer.RestApi.csproj", "{B1DEEB5B-1D3E-4E93-A8B6-62E02A1B4AD7}"
EndProject
Project("{FAE04EC0-301F-11D3-BF4B-00C04F79EFBC}") = "PetIdServer.Core", "PetIdServer.Core\PetIdServer.Core.csproj", "{A49BEFBA-A9EB-4D4E-8AF1-589B0A6DD0FA}"
EndProject
Project("{FAE04EC0-301F-11D3-BF4B-00C04F79EFBC}") = "PetIdServer.Application", "PetIdServer.Application\PetIdServer.Application.csproj", "{616A00D7-4A57-4825-8C5C-295AAC831B82}"
EndProject
Project("{FAE04EC0-301F-11D3-BF4B-00C04F79EFBC}") = "PetIdServer.Infrastructure", "PetIdServer.Infrastructure\PetIdServer.Infrastructure.csproj", "{1E139D4D-9630-479E-9889-DDC8A88168E6}"
EndProject
Project("{2150E333-8FDC-42A3-9474-1A3956D46DE8}") = "Extras", "Extras", "{2FBA53B2-1F6E-4D24-8B24-A733129FB65C}"
	ProjectSection(SolutionItems) = preProject
		.dockerignore = .dockerignore
		.gitignore = .gitignore
		docker-compose.infrastructure.yaml = docker-compose.infrastructure.yaml
	EndProjectSection
EndProject
Project("{FAE04EC0-301F-11D3-BF4B-00C04F79EFBC}") = "PetIdServer.AppHost", "PetIdServer.AppHost\PetIdServer.AppHost.csproj", "{C730503B-03D5-4D38-8C54-66703BFF99CC}"
EndProject
Global
	GlobalSection(SolutionConfigurationPlatforms) = preSolution
		Debug|Any CPU = Debug|Any CPU
		Release|Any CPU = Release|Any CPU
	EndGlobalSection
	GlobalSection(ProjectConfigurationPlatforms) = postSolution
		{B1DEEB5B-1D3E-4E93-A8B6-62E02A1B4AD7}.Debug|Any CPU.ActiveCfg = Debug|Any CPU
		{B1DEEB5B-1D3E-4E93-A8B6-62E02A1B4AD7}.Debug|Any CPU.Build.0 = Debug|Any CPU
		{B1DEEB5B-1D3E-4E93-A8B6-62E02A1B4AD7}.Release|Any CPU.ActiveCfg = Release|Any CPU
		{B1DEEB5B-1D3E-4E93-A8B6-62E02A1B4AD7}.Release|Any CPU.Build.0 = Release|Any CPU
		{A49BEFBA-A9EB-4D4E-8AF1-589B0A6DD0FA}.Debug|Any CPU.ActiveCfg = Debug|Any CPU
		{A49BEFBA-A9EB-4D4E-8AF1-589B0A6DD0FA}.Debug|Any CPU.Build.0 = Debug|Any CPU
		{A49BEFBA-A9EB-4D4E-8AF1-589B0A6DD0FA}.Release|Any CPU.ActiveCfg = Release|Any CPU
		{A49BEFBA-A9EB-4D4E-8AF1-589B0A6DD0FA}.Release|Any CPU.Build.0 = Release|Any CPU
		{616A00D7-4A57-4825-8C5C-295AAC831B82}.Debug|Any CPU.ActiveCfg = Debug|Any CPU
		{616A00D7-4A57-4825-8C5C-295AAC831B82}.Debug|Any CPU.Build.0 = Debug|Any CPU
		{616A00D7-4A57-4825-8C5C-295AAC831B82}.Release|Any CPU.ActiveCfg = Release|Any CPU
		{616A00D7-4A57-4825-8C5C-295AAC831B82}.Release|Any CPU.Build.0 = Release|Any CPU
		{1E139D4D-9630-479E-9889-DDC8A88168E6}.Debug|Any CPU.ActiveCfg = Debug|Any CPU
		{1E139D4D-9630-479E-9889-DDC8A88168E6}.Debug|Any CPU.Build.0 = Debug|Any CPU
		{1E139D4D-9630-479E-9889-DDC8A88168E6}.Release|Any CPU.ActiveCfg = Release|Any CPU
		{1E139D4D-9630-479E-9889-DDC8A88168E6}.Release|Any CPU.Build.0 = Release|Any CPU
		{C730503B-03D5-4D38-8C54-66703BFF99CC}.Debug|Any CPU.ActiveCfg = Debug|Any CPU
		{C730503B-03D5-4D38-8C54-66703BFF99CC}.Debug|Any CPU.Build.0 = Debug|Any CPU
		{C730503B-03D5-4D38-8C54-66703BFF99CC}.Release|Any CPU.ActiveCfg = Release|Any CPU
		{C730503B-03D5-4D38-8C54-66703BFF99CC}.Release|Any CPU.Build.0 = Release|Any CPU
	EndGlobalSection
EndGlobal
