<Solution>
  <Folder Name="/Extras/">
    <File Path=".dockerignore" />
    <File Path=".gitignore" />
    <File Path="docker-compose.infrastructure.yaml" />
  </Folder>
  <Project Path="PetIdServer.AppHost\PetIdServer.AppHost.csproj" Type="Classic C#" />
  <Project Path="PetIdServer.Application\PetIdServer.Application.csproj" Type="Classic C#" />
  <Project Path="PetIdServer.Core\PetIdServer.Core.csproj" Type="Classic C#" />
  <Project Path="PetIdServer.Infrastructure\PetIdServer.Infrastructure.csproj" Type="Classic C#" />
  <Project Path="PetIdServer.RestApi\PetIdServer.RestApi.csproj" Type="Classic C#" />
  <Project Path="PetIdServer.ServiceDefaults\PetIdServer.ServiceDefaults.csproj" Type="Classic C#" />
</Solution>